{
  "originHash" : "039473393227f11968ab81eaa5048966a5ab9e15e53070be9257ed227e5a02ad",
  "pins" : [
    {
      "identity" : "ffmpegkit",
      "kind" : "remoteSourceControl",
      "location" : "https://github.com/kingslay/FFmpegKit.git",
      "state" : {
        "revision" : "c32be9bfb628042737ad3ef622e930c5c7b15954",
        "version" : "6.1.4"
      }
    },
    {
      "identity" : "ksplayer",
      "kind" : "remoteSourceControl",
      "location" : "https://github.com/kingslay/KSPlayer.git",
      "state" : {
        "revision" : "bdfa2da39bb18865b317c4ffd08cdef5f8efc043",
        "version" : "2.3.4"
      }
    },
    {
      "identity" : "yams",
      "kind" : "remoteSourceControl",
      "location" : "https://github.com/jpsim/Yams.git",
      "state" : {
        "revision" : "a27b21e0c81c5bf42049b897a62aaf387e80f279",
        "version" : "6.2.2"
      }
    }
  ],
  "version" : 3
}
